
Microsoft Visual Studio Solution File, Format Version 12.00
# Visual Studio Version 17
VisualStudioVersion = 17.8.34525.116
MinimumVisualStudioVersion = 10.0.40219.1
Project("{FAE04EC0-301F-11D3-BF4B-00C04F79EFBC}") = "Soft050 Project Attempt 2", "Soft050 Project Attempt 2.csproj", "{3E36BCB2-76A7-425F-AB6A-91E0ED4FDC78}"
EndProject
Global
	GlobalSection(SolutionConfigurationPlatforms) = preSolution
		Debug|Any CPU = Debug|Any CPU
		Release|Any CPU = Release|Any CPU
	EndGlobalSection
	GlobalSection(ProjectConfigurationPlatforms) = postSolution
		{3E36BCB2-76A7-425F-AB6A-91E0ED4FDC78}.Debug|Any CPU.ActiveCfg = Debug|Any CPU
		{3E36BCB2-76A7-425F-AB6A-91E0ED4FDC78}.Debug|Any CPU.Build.0 = Debug|Any CPU
		{3E36BCB2-76A7-425F-AB6A-91E0ED4FDC78}.Release|Any CPU.ActiveCfg = Release|Any CPU
		{3E36BCB2-76A7-425F-AB6A-91E0ED4FDC78}.Release|Any CPU.Build.0 = Release|Any CPU
	EndGlobalSection
	GlobalSection(SolutionProperties) = preSolution
		HideSolutionNode = FALSE
	EndGlobalSection
	GlobalSection(ExtensibilityGlobals) = postSolution
		SolutionGuid = {4EC60AE1-A3EC-4B8B-A07A-495FCCD718D7}
	EndGlobalSection
EndGlobal
